
Microsoft Visual Studio Solution File, Format Version 12.00
# Visual Studio Version 16
VisualStudioVersion = 16.0.31729.503
MinimumVisualStudioVersion = 10.0.40219.1
Project("{FAE04EC0-301F-11D3-BF4B-00C04F79EFBC}") = "ScanNetwork", "ScanNetwork\ScanNetwork.csproj", "{6DAEAA17-7303-42BA-AF7C-F7FB944C48A9}"
EndProject
Global
	GlobalSection(SolutionConfigurationPlatforms) = preSolution
		Debug|Any CPU = Debug|Any CPU
		Release|Any CPU = Release|Any CPU
	EndGlobalSection
	GlobalSection(ProjectConfigurationPlatforms) = postSolution
		{6DAEAA17-7303-42BA-AF7C-F7FB944C48A9}.Debug|Any CPU.ActiveCfg = Debug|Any CPU
		{6DAEAA17-7303-42BA-AF7C-F7FB944C48A9}.Debug|Any CPU.Build.0 = Debug|Any CPU
		{6DAEAA17-7303-42BA-AF7C-F7FB944C48A9}.Release|Any CPU.ActiveCfg = Release|Any CPU
		{6DAEAA17-7303-42BA-AF7C-F7FB944C48A9}.Release|Any CPU.Build.0 = Release|Any CPU
	EndGlobalSection
	GlobalSection(SolutionProperties) = preSolution
		HideSolutionNode = FALSE
	EndGlobalSection
	GlobalSection(ExtensibilityGlobals) = postSolution
		SolutionGuid = {24758761-EDB9-4135-9E34-C7F371CA494F}
	EndGlobalSection
EndGlobal
